// !$*UTF8*$!
{
	archiveVersion = 1;
	classes = {
	};
	objectVersion = 77;
	objects = {

/* Begin PBXBuildFile section */
		002A0B6F58C7873C69D6890C /* AppIcon.icns in Resources */ = {isa = PBXBuildFile; fileRef = 7EDB32F954EB5F9180096F3A /* AppIcon.icns */; };
		009404F19C1B0BBBA0ACE49F /* AudioRealTimePrimitives.swift in Sources */ = {isa = PBXBuildFile; fileRef = 5DDAF106AEE92B9A96610CD8 /* AudioRealTimePrimitives.swift */; };
		0250AD2E2D7271F0E030BA79 /* RadarChartView.swift in Sources */ = {isa = PBXBuildFile; fileRef = FEB9906E13F2E8C5269669DA /* RadarChartView.swift */; };
		02CA320C7CC4416374F91F0A /* FlowLayout.swift in Sources */ = {isa = PBXBuildFile; fileRef = 6ECBF0809800D6771261759F /* FlowLayout.swift */; };
		07645DA9372A54D7C2BEE5FA /* STTService.swift in Sources */ = {isa = PBXBuildFile; fileRef = 10A79D99EE78E7678906EAEA /* STTService.swift */; };
		0A6092041A23E449EE8ED41F /* PerformanceCalculatorTests.swift in Sources */ = {isa = PBXBuildFile; fileRef = 663681821F17DB000497D03E /* PerformanceCalculatorTests.swift */; };
		0AC68467982C22E0E1758ECB /* FlowControllerTests.swift in Sources */ = {isa = PBXBuildFile; fileRef = 8C64E31DA1A9484358CE1ECF /* FlowControllerTests.swift */; };
		0C64BD1D2CF7DD71D530DBDD /* ClaudeModels.swift in Sources */ = {isa = PBXBuildFile; fileRef = 1947D088FCD344A42EEA0C5A /* ClaudeModels.swift */; };
		0EDC65C667E5385E326EE512 /* SessionPersistence.swift in Sources */ = {isa = PBXBuildFile; fileRef = A6B13EC479945BF3FA5671C5 /* SessionPersistence.swift */; };
		14A74648B737271E86ADDCB1 /* DocumentParser.swift in Sources */ = {isa = PBXBuildFile; fileRef = 7D9DB66587D3A727ED96DB98 /* DocumentParser.swift */; };
		15BAB23039BD6239DB2873A4 /* RetryHandler.swift in Sources */ = {isa = PBXBuildFile; fileRef = 2A1F1379350D51FB8273EFF4 /* RetryHandler.swift */; };
		17AA70A7F579851765E70331 /* RadarChartView.swift in Sources */ = {isa = PBXBuildFile; fileRef = FEB9906E13F2E8C5269669DA /* RadarChartView.swift */; };
		1A47B5E641DC171BB726525E /* Info-iOS.plist in Resources */ = {isa = PBXBuildFile; fileRef = D26E1C50DE940273C8D68B72 /* Info-iOS.plist */; };
		1A6A094E08F7C9DA435A09E1 /* ElevenLabsTTSService.swift in Sources */ = {isa = PBXBuildFile; fileRef = 74B29BD6593ECECBBDEA0C0B /* ElevenLabsTTSService.swift */; };
		1AA389A45E40C423E2D56818 /* CaseBank.swift in Sources */ = {isa = PBXBuildFile; fileRef = 0E4AA0B4DF66C44CFBF23B7C /* CaseBank.swift */; };
		1AB0F7159E3AD4EAA020714E /* ENTExaminerApp.swift in Sources */ = {isa = PBXBuildFile; fileRef = E63CE979C790B43836837FED /* ENTExaminerApp.swift */; };
		1B1B4CB4427A90D00EF8B9EA /* STTService.swift in Sources */ = {isa = PBXBuildFile; fileRef = 10A79D99EE78E7678906EAEA /* STTService.swift */; };
		1B82530B48E8095F59C3ACBA /* TranscriptExporterTests.swift in Sources */ = {isa = PBXBuildFile; fileRef = 319C24CEA4D90888FA824A28 /* TranscriptExporterTests.swift */; };
		1C0CE13F13265EAA596DA7D5 /* SettingsView.swift in Sources */ = {isa = PBXBuildFile; fileRef = 2052FBC843EA607BF3B8F88C /* SettingsView.swift */; };
		1F50DEED4E469816E04498AB /* AppleTTSService.swift in Sources */ = {isa = PBXBuildFile; fileRef = D27D4F1320DAD260E64A9064 /* AppleTTSService.swift */; };
		20E32138F99CA856B62FD4F8 /* DialogueModels.swift in Sources */ = {isa = PBXBuildFile; fileRef = 0F07C5635FD7EE9E40A36F28 /* DialogueModels.swift */; };
		242EE5CBEAFDB65695102FC3 /* FlowLayout.swift in Sources */ = {isa = PBXBuildFile; fileRef = 6ECBF0809800D6771261759F /* FlowLayout.swift */; };
		25AF64BE70228292C21366B2 /* ExaminationEngine.swift in Sources */ = {isa = PBXBuildFile; fileRef = 4F984D01617B99D837A39669 /* ExaminationEngine.swift */; };
		265DD24CF1F9499B94538193 /* FlowController.swift in Sources */ = {isa = PBXBuildFile; fileRef = CB74E905C57330570ED58336 /* FlowController.swift */; };
		299D21426341FB2E2B5B9B0E /* ConversationSummaryView.swift in Sources */ = {isa = PBXBuildFile; fileRef = 6D03A703B3AE13AFB884206C /* ConversationSummaryView.swift */; };
		2C8AF6FE451CFAF025EFCBC3 /* VoiceActivityDetector.swift in Sources */ = {isa = PBXBuildFile; fileRef = A79E38D8D4DC940AF9F32668 /* VoiceActivityDetector.swift */; };
		30F8DF0C2ED404FEC31D9E03 /* CaseBank.swift in Sources */ = {isa = PBXBuildFile; fileRef = 0E4AA0B4DF66C44CFBF23B7C /* CaseBank.swift */; };
		31FC34889C687D4146BFFF99 /* AppleTTSService.swift in Sources */ = {isa = PBXBuildFile; fileRef = D27D4F1320DAD260E64A9064 /* AppleTTSService.swift */; };
		352A229EB46B664DDD8742A4 /* ArchiveView.swift in Sources */ = {isa = PBXBuildFile; fileRef = 939E65DADFC50C541967E84F /* ArchiveView.swift */; };
		35E2CE2C47E14F175152C723 /* DialogueModels.swift in Sources */ = {isa = PBXBuildFile; fileRef = 0F07C5635FD7EE9E40A36F28 /* DialogueModels.swift */; };
		372451363170FB26E9CF3830 /* ContentView.swift in Sources */ = {isa = PBXBuildFile; fileRef = 8EA694F1489FDA59F546B0E5 /* ContentView.swift */; };
		3959CE79CC424542446D71A0 /* VoiceActivityDetector.swift in Sources */ = {isa = PBXBuildFile; fileRef = A79E38D8D4DC940AF9F32668 /* VoiceActivityDetector.swift */; };
		3AB5E5495F27B50A511CF87C /* OnboardingView.swift in Sources */ = {isa = PBXBuildFile; fileRef = 4E1FC054D6CF71A2D8F3A8E5 /* OnboardingView.swift */; };
		3BE087224B9EE3F7E87B2DF0 /* DocumentChunker.swift in Sources */ = {isa = PBXBuildFile; fileRef = 715620ED2EF5D2DC3C546470 /* DocumentChunker.swift */; };
		404FB19F2DE3CC008C03EB32 /* ClaudeModels.swift in Sources */ = {isa = PBXBuildFile; fileRef = 1947D088FCD344A42EEA0C5A /* ClaudeModels.swift */; };
		424CC50C55A3666256EA84CB /* SettingsView.swift in Sources */ = {isa = PBXBuildFile; fileRef = 2052FBC843EA607BF3B8F88C /* SettingsView.swift */; };
		43DFC7C5482B5F804FFF3700 /* PipelinedSpeaker.swift in Sources */ = {isa = PBXBuildFile; fileRef = BDD15D51ECFE4E284F5DD1C0 /* PipelinedSpeaker.swift */; };
		47248808F3DEE91D3C6CA2A5 /* DocumentLibraryView.swift in Sources */ = {isa = PBXBuildFile; fileRef = 623231DE1D3F1AE09B73263E /* DocumentLibraryView.swift */; };
		4857F32B38CE35938BDFC553 /* SystemStatusView.swift in Sources */ = {isa = PBXBuildFile; fileRef = 973A9BC779C3C0C7413D5072 /* SystemStatusView.swift */; };
		4A8644C030552E3D0DDA91D1 /* TranscriptExporter.swift in Sources */ = {isa = PBXBuildFile; fileRef = 40FE7E0489A7868B5BBE35DD /* TranscriptExporter.swift */; };
		539B6453F01AE2B1E960A50D /* AudioPipeline.swift in Sources */ = {isa = PBXBuildFile; fileRef = E7C59983C5B18F932E123D46 /* AudioPipeline.swift */; };
		53EC864937248CFBA3A9B35F /* SessionPersistence.swift in Sources */ = {isa = PBXBuildFile; fileRef = A6B13EC479945BF3FA5671C5 /* SessionPersistence.swift */; };
		568192CA66A6ECB59845CE14 /* FlowController.swift in Sources */ = {isa = PBXBuildFile; fileRef = CB74E905C57330570ED58336 /* FlowController.swift */; };
		5BE3FB7019A90CC07B62EE1E /* ExaminationState.swift in Sources */ = {isa = PBXBuildFile; fileRef = D150C9BE3956EEE4029A8326 /* ExaminationState.swift */; };
		5E7901FA0481993BA4423ADA /* DocumentLibraryView.swift in Sources */ = {isa = PBXBuildFile; fileRef = 623231DE1D3F1AE09B73263E /* DocumentLibraryView.swift */; };
		5EDF0F6F6C717F88BEC098F7 /* PipelinedSpeaker.swift in Sources */ = {isa = PBXBuildFile; fileRef = BDD15D51ECFE4E284F5DD1C0 /* PipelinedSpeaker.swift */; };
		621102DF7EECFFA2331C10FC /* DialogueFlowController.swift in Sources */ = {isa = PBXBuildFile; fileRef = F0AC3C39F9F99D3247BD6E6A /* DialogueFlowController.swift */; };
		663BBA6072ED199643343E44 /* DocumentDetailView.swift in Sources */ = {isa = PBXBuildFile; fileRef = C247E0F1D5A92891B90A6135 /* DocumentDetailView.swift */; };
		6677322125D0A8FADCF4A748 /* DocumentStore.swift in Sources */ = {isa = PBXBuildFile; fileRef = E0C1235BF88BD19E06443905 /* DocumentStore.swift */; };
		69EF71838413C15AAA49868D /* ResultsView.swift in Sources */ = {isa = PBXBuildFile; fileRef = 70AC26F4747F2DBED3412B38 /* ResultsView.swift */; };
		6A89DDA937304F9E40D996DA /* AudioPipeline.swift in Sources */ = {isa = PBXBuildFile; fileRef = E7C59983C5B18F932E123D46 /* AudioPipeline.swift */; };
		6B128E25D9A0A52242DF04D4 /* AppleSpeechSTTService.swift in Sources */ = {isa = PBXBuildFile; fileRef = 0505AD59059D47F668A2F95E /* AppleSpeechSTTService.swift */; };
		6BD0FD7778ADDEF8DABFED6F /* SSEClient.swift in Sources */ = {isa = PBXBuildFile; fileRef = B1C7A29DD7BCC04F216D44A3 /* SSEClient.swift */; };
		6CC5AE7D2004C17226F01E02 /* PerformanceDashboard.swift in Sources */ = {isa = PBXBuildFile; fileRef = 2E9DE9BAA4DC1B0866E66277 /* PerformanceDashboard.swift */; };
		6D9B5CD0F78AE91884C89792 /* AppState.swift in Sources */ = {isa = PBXBuildFile; fileRef = AAFA052912EE9A2073A0E8A0 /* AppState.swift */; };
		6F3E3B452A686A0F9452F1AD /* OnboardingView.swift in Sources */ = {isa = PBXBuildFile; fileRef = 4E1FC054D6CF71A2D8F3A8E5 /* OnboardingView.swift */; };
		70755A8A496FD5EE7C6CD11A /* SentenceSplitterTests.swift in Sources */ = {isa = PBXBuildFile; fileRef = 8F6F05A803D50F96C1D43785 /* SentenceSplitterTests.swift */; };
		70871F61A7C1FC1D7FB65F43 /* EnergyVAD.swift in Sources */ = {isa = PBXBuildFile; fileRef = 5B9CC6A0B4AAED6DB815386A /* EnergyVAD.swift */; };
		70D72C0981EBF35D0439BAD2 /* DocumentAnalyzer.swift in Sources */ = {isa = PBXBuildFile; fileRef = EFE323226D8589A3EBB6AA3F /* DocumentAnalyzer.swift */; };
		7A01BF0C7ABE512F7762078B /* TranscriptExporter.swift in Sources */ = {isa = PBXBuildFile; fileRef = 40FE7E0489A7868B5BBE35DD /* TranscriptExporter.swift */; };
		7A43273742CBF96F9A8C6E39 /* DocumentAnalyzer.swift in Sources */ = {isa = PBXBuildFile; fileRef = EFE323226D8589A3EBB6AA3F /* DocumentAnalyzer.swift */; };
		7FF636809759CE3A0C2FA18A /* ProgressOverlayView.swift in Sources */ = {isa = PBXBuildFile; fileRef = 783D4D4874B2990FBB6CBEB8 /* ProgressOverlayView.swift */; };
		81110AD4FA39A72E27C29B19 /* Assets.xcassets in Resources */ = {isa = PBXBuildFile; fileRef = BF72481ED17A457FC21352F2 /* Assets.xcassets */; };
		8285300FA283D4BC9F10E811 /* DocumentChunker.swift in Sources */ = {isa = PBXBuildFile; fileRef = 715620ED2EF5D2DC3C546470 /* DocumentChunker.swift */; };
		83FB9E23621198A9444B5315 /* ClaudeAPIClient.swift in Sources */ = {isa = PBXBuildFile; fileRef = 8B52776A841111E197D38B01 /* ClaudeAPIClient.swift */; };
		850BEA0C20FFF411602691FD /* DocumentStoreTests.swift in Sources */ = {isa = PBXBuildFile; fileRef = 39D36BCC9C011A73F6F8487A /* DocumentStoreTests.swift */; };
		8A91EE35E0DA9C9166784C6D /* TTSService.swift in Sources */ = {isa = PBXBuildFile; fileRef = 9DBFA3D3FA49080F71F4B1E5 /* TTSService.swift */; };
		8C4871E2988D9EFD42AAE1A0 /* ExaminationView.swift in Sources */ = {isa = PBXBuildFile; fileRef = 777D11699E9754E2BEC9AC9A /* ExaminationView.swift */; };
		8E9B983A041C84134BB3D779 /* RetryHandler.swift in Sources */ = {isa = PBXBuildFile; fileRef = 2A1F1379350D51FB8273EFF4 /* RetryHandler.swift */; };
		946155AF02E45A475E88A2CF /* AppState.swift in Sources */ = {isa = PBXBuildFile; fileRef = AAFA052912EE9A2073A0E8A0 /* AppState.swift */; };
		95080447C20AE48250DCA1E1 /* PreviewHelpers.swift in Sources */ = {isa = PBXBuildFile; fileRef = 3C781526E444189C230F6A85 /* PreviewHelpers.swift */; };
		9778715CA6C6FF998C06B4C5 /* ProgressOverlayView.swift in Sources */ = {isa = PBXBuildFile; fileRef = 783D4D4874B2990FBB6CBEB8 /* ProgressOverlayView.swift */; };
		97F5D323FB2E77A3566DA853 /* PerformanceModels.swift in Sources */ = {isa = PBXBuildFile; fileRef = 191A16645C0AC8FCE4CA7909 /* PerformanceModels.swift */; };
		9CC088D3DB269BB72B2AD7B3 /* PerformanceModels.swift in Sources */ = {isa = PBXBuildFile; fileRef = 191A16645C0AC8FCE4CA7909 /* PerformanceModels.swift */; };
		9FA324FB0F077093D4AE3D68 /* IngestionDocument.swift in Sources */ = {isa = PBXBuildFile; fileRef = 865AD86D0690488E143F2479 /* IngestionDocument.swift */; };
		A0B5C734980AD9E3540413CD /* AppIcon.icns in Resources */ = {isa = PBXBuildFile; fileRef = 7EDB32F954EB5F9180096F3A /* AppIcon.icns */; };
		A525A9F4445A445BAA2E5844 /* WebDocumentFetcher.swift in Sources */ = {isa = PBXBuildFile; fileRef = 06DBB4E59964E5E6818F4463 /* WebDocumentFetcher.swift */; };
		AB7683935242BCE557FB77C8 /* PreviewHelpers.swift in Sources */ = {isa = PBXBuildFile; fileRef = 3C781526E444189C230F6A85 /* PreviewHelpers.swift */; };
		AC9FF30DFE175A50118DD037 /* DialogueFlowController.swift in Sources */ = {isa = PBXBuildFile; fileRef = F0AC3C39F9F99D3247BD6E6A /* DialogueFlowController.swift */; };
		AE155FD7770EEC62E45CB4F1 /* Assets.xcassets in Resources */ = {isa = PBXBuildFile; fileRef = BF72481ED17A457FC21352F2 /* Assets.xcassets */; };
		AE878DD1190E5CDB9F1B456C /* KeychainManager.swift in Sources */ = {isa = PBXBuildFile; fileRef = E71FFE188E788DBCC67A0B47 /* KeychainManager.swift */; };
		B34498D53269D79E337A3F63 /* LibraryDocument.swift in Sources */ = {isa = PBXBuildFile; fileRef = DEE8E4B17D35099B7885A147 /* LibraryDocument.swift */; };
		B351F36AB0C7E3F92C97AEF6 /* LibraryDocument.swift in Sources */ = {isa = PBXBuildFile; fileRef = DEE8E4B17D35099B7885A147 /* LibraryDocument.swift */; };
		B57757D5D85D0D6F95A32958 /* ArchiveView.swift in Sources */ = {isa = PBXBuildFile; fileRef = 939E65DADFC50C541967E84F /* ArchiveView.swift */; };
		B93F9BF33348BBF41DB118DC /* DocumentDropView.swift in Sources */ = {isa = PBXBuildFile; fileRef = 63227B81875477050E91A262 /* DocumentDropView.swift */; };
		BB065275CCA471A7F765889C /* Info-iOS.plist in Resources */ = {isa = PBXBuildFile; fileRef = D26E1C50DE940273C8D68B72 /* Info-iOS.plist */; };
		BBAC5B2532ADAE53ED4226C2 /* EnergyVAD.swift in Sources */ = {isa = PBXBuildFile; fileRef = 5B9CC6A0B4AAED6DB815386A /* EnergyVAD.swift */; };
		BBBE91B2500BB0D6419069CD /* SystemStatusView.swift in Sources */ = {isa = PBXBuildFile; fileRef = 973A9BC779C3C0C7413D5072 /* SystemStatusView.swift */; };
		BC36C4B4DC20771AE60EAABC /* DocumentChunkerTests.swift in Sources */ = {isa = PBXBuildFile; fileRef = 754520E1C0A285BEDD9FDC09 /* DocumentChunkerTests.swift */; };
		C136753084C5936D545BADBF /* DocumentDropView.swift in Sources */ = {isa = PBXBuildFile; fileRef = 63227B81875477050E91A262 /* DocumentDropView.swift */; };
		C3826D28B5D1B4F5B688404A /* ConversationSummaryView.swift in Sources */ = {isa = PBXBuildFile; fileRef = 6D03A703B3AE13AFB884206C /* ConversationSummaryView.swift */; };
		C3A29287BB19E361F4E20526 /* ElevenLabsTTSService.swift in Sources */ = {isa = PBXBuildFile; fileRef = 74B29BD6593ECECBBDEA0C0B /* ElevenLabsTTSService.swift */; };
		C3ED978D9A47F9FDFDA2C558 /* KeychainManager.swift in Sources */ = {isa = PBXBuildFile; fileRef = E71FFE188E788DBCC67A0B47 /* KeychainManager.swift */; };
		C7F37142D9AA529081CED85A /* ClaudeAPIClient.swift in Sources */ = {isa = PBXBuildFile; fileRef = 8B52776A841111E197D38B01 /* ClaudeAPIClient.swift */; };
		CDE9CAC794AC7B801BABBA28 /* ContentView.swift in Sources */ = {isa = PBXBuildFile; fileRef = 8EA694F1489FDA59F546B0E5 /* ContentView.swift */; };
		CDF05F44B603104F5838BDE5 /* ExaminationState.swift in Sources */ = {isa = PBXBuildFile; fileRef = D150C9BE3956EEE4029A8326 /* ExaminationState.swift */; };
		D03C39F02403F7BD617CBC94 /* ResultsView.swift in Sources */ = {isa = PBXBuildFile; fileRef = 70AC26F4747F2DBED3412B38 /* ResultsView.swift */; };
		D09103176A0EAAB5E1FBB3AA /* CaseBankView.swift in Sources */ = {isa = PBXBuildFile; fileRef = 8850BD29986BD024725BBB0E /* CaseBankView.swift */; };
		D42541334152C41F25632B6E /* ExaminationView.swift in Sources */ = {isa = PBXBuildFile; fileRef = 777D11699E9754E2BEC9AC9A /* ExaminationView.swift */; };
		D44C0691AD9C2CBA355E127E /* WebDocumentFetcher.swift in Sources */ = {isa = PBXBuildFile; fileRef = 06DBB4E59964E5E6818F4463 /* WebDocumentFetcher.swift */; };
		D560C95AA8F71B9BB291E750 /* HTTPClient.swift in Sources */ = {isa = PBXBuildFile; fileRef = 74DAF83ABCA48E183F401252 /* HTTPClient.swift */; };
		D7C7F99F31011566A81376B6 /* CaseBankView.swift in Sources */ = {isa = PBXBuildFile; fileRef = 8850BD29986BD024725BBB0E /* CaseBankView.swift */; };
		DA00C4536BAACFB82D3EC999 /* SentenceSplitter.swift in Sources */ = {isa = PBXBuildFile; fileRef = A52ABF3E262E990B1800657A /* SentenceSplitter.swift */; };
		DB855894DE552067201306C6 /* WaveformView.swift in Sources */ = {isa = PBXBuildFile; fileRef = D977F8C7748451C268850B7C /* WaveformView.swift */; };
		DFBE17D0F1DD704A458A796D /* AppleSpeechSTTService.swift in Sources */ = {isa = PBXBuildFile; fileRef = 0505AD59059D47F668A2F95E /* AppleSpeechSTTService.swift */; };
		E0275B336C6357615D71BD63 /* SentenceSplitter.swift in Sources */ = {isa = PBXBuildFile; fileRef = A52ABF3E262E990B1800657A /* SentenceSplitter.swift */; };
		E04C90F59940F43DECFE97BD /* IngestionDocument.swift in Sources */ = {isa = PBXBuildFile; fileRef = 865AD86D0690488E143F2479 /* IngestionDocument.swift */; };
		E70CF06848DC5859DD6DE51C /* DocumentDetailView.swift in Sources */ = {isa = PBXBuildFile; fileRef = C247E0F1D5A92891B90A6135 /* DocumentDetailView.swift */; };
		E8EFF4DF6388DAB41A87C2CD /* DocumentParser.swift in Sources */ = {isa = PBXBuildFile; fileRef = 7D9DB66587D3A727ED96DB98 /* DocumentParser.swift */; };
		E908A5C1E8C27107744C13AA /* HTTPClient.swift in Sources */ = {isa = PBXBuildFile; fileRef = 74DAF83ABCA48E183F401252 /* HTTPClient.swift */; };
		ECB108E0EE998D159C67846B /* PerformanceDashboard.swift in Sources */ = {isa = PBXBuildFile; fileRef = 2E9DE9BAA4DC1B0866E66277 /* PerformanceDashboard.swift */; };
		EF5BB71EEFA37E3F088B8740 /* DocumentStore.swift in Sources */ = {isa = PBXBuildFile; fileRef = E0C1235BF88BD19E06443905 /* DocumentStore.swift */; };
		F1A0BEBB024981C86164E176 /* AudioRealTimePrimitives.swift in Sources */ = {isa = PBXBuildFile; fileRef = 5DDAF106AEE92B9A96610CD8 /* AudioRealTimePrimitives.swift */; };
		F3D48F32DA32EB9B9159CDA9 /* WaveformView.swift in Sources */ = {isa = PBXBuildFile; fileRef = D977F8C7748451C268850B7C /* WaveformView.swift */; };
		F44F1B77E598EB1E2758E3E1 /* SSEClient.swift in Sources */ = {isa = PBXBuildFile; fileRef = B1C7A29DD7BCC04F216D44A3 /* SSEClient.swift */; };
		F57A7805C5BD63519E57972B /* ENTExaminerApp.swift in Sources */ = {isa = PBXBuildFile; fileRef = E63CE979C790B43836837FED /* ENTExaminerApp.swift */; };
		F6B2FC66339D4CC3A0F11486 /* AppError.swift in Sources */ = {isa = PBXBuildFile; fileRef = 94F9C6DC7B42ED5CE4770B03 /* AppError.swift */; };
		FA2C5223AD0A9121AD0937BC /* HTMLTextConverterTests.swift in Sources */ = {isa = PBXBuildFile; fileRef = 20A4B967E9733BA5C3C1510F /* HTMLTextConverterTests.swift */; };
		FD06B95CA7F0C62B781E6AC0 /* TTSService.swift in Sources */ = {isa = PBXBuildFile; fileRef = 9DBFA3D3FA49080F71F4B1E5 /* TTSService.swift */; };
		FE356EB3C7625D3C951AFE92 /* AppError.swift in Sources */ = {isa = PBXBuildFile; fileRef = 94F9C6DC7B42ED5CE4770B03 /* AppError.swift */; };
		FEFBB4FA2F6B70443764D038 /* ExaminationEngine.swift in Sources */ = {isa = PBXBuildFile; fileRef = 4F984D01617B99D837A39669 /* ExaminationEngine.swift */; };
/* End PBXBuildFile section */

/* Begin PBXContainerItemProxy section */
		1FDC01A11675D2AC9F0A6238 /* PBXContainerItemProxy */ = {
			isa = PBXContainerItemProxy;
			containerPortal = F563081D34A602553C02CA32 /* Project object */;
			proxyType = 1;
			remoteGlobalIDString = F388AC21CFAD05C9D4E0B772;
			remoteInfo = ENTExaminer;
		};
/* End PBXContainerItemProxy section */

/* Begin PBXFileReference section */
		0505AD59059D47F668A2F95E /* AppleSpeechSTTService.swift */ = {isa = PBXFileReference; lastKnownFileType = sourcecode.swift; path = AppleSpeechSTTService.swift; sourceTree = "<group>"; };
		06DBB4E59964E5E6818F4463 /* WebDocumentFetcher.swift */ = {isa = PBXFileReference; lastKnownFileType = sourcecode.swift; path = WebDocumentFetcher.swift; sourceTree = "<group>"; };
		0E4AA0B4DF66C44CFBF23B7C /* CaseBank.swift */ = {isa = PBXFileReference; lastKnownFileType = sourcecode.swift; path = CaseBank.swift; sourceTree = "<group>"; };
		0F07C5635FD7EE9E40A36F28 /* DialogueModels.swift */ = {isa = PBXFileReference; lastKnownFileType = sourcecode.swift; path = DialogueModels.swift; sourceTree = "<group>"; };
		10A79D99EE78E7678906EAEA /* STTService.swift */ = {isa = PBXFileReference; lastKnownFileType = sourcecode.swift; path = STTService.swift; sourceTree = "<group>"; };
		191A16645C0AC8FCE4CA7909 /* PerformanceModels.swift */ = {isa = PBXFileReference; lastKnownFileType = sourcecode.swift; path = PerformanceModels.swift; sourceTree = "<group>"; };
		1947D088FCD344A42EEA0C5A /* ClaudeModels.swift */ = {isa = PBXFileReference; lastKnownFileType = sourcecode.swift; path = ClaudeModels.swift; sourceTree = "<group>"; };
		2052FBC843EA607BF3B8F88C /* SettingsView.swift */ = {isa = PBXFileReference; lastKnownFileType = sourcecode.swift; path = SettingsView.swift; sourceTree = "<group>"; };
		20A4B967E9733BA5C3C1510F /* HTMLTextConverterTests.swift */ = {isa = PBXFileReference; lastKnownFileType = sourcecode.swift; path = HTMLTextConverterTests.swift; sourceTree = "<group>"; };
		2A1F1379350D51FB8273EFF4 /* RetryHandler.swift */ = {isa = PBXFileReference; lastKnownFileType = sourcecode.swift; path = RetryHandler.swift; sourceTree = "<group>"; };
		2E9DE9BAA4DC1B0866E66277 /* PerformanceDashboard.swift */ = {isa = PBXFileReference; lastKnownFileType = sourcecode.swift; path = PerformanceDashboard.swift; sourceTree = "<group>"; };
		319C24CEA4D90888FA824A28 /* TranscriptExporterTests.swift */ = {isa = PBXFileReference; lastKnownFileType = sourcecode.swift; path = TranscriptExporterTests.swift; sourceTree = "<group>"; };
		3949D54F6258F90BBF5E4A39 /* ENTExaminer.app */ = {isa = PBXFileReference; explicitFileType = wrapper.application; includeInIndex = 0; path = ENTExaminer.app; sourceTree = BUILT_PRODUCTS_DIR; };
		39D36BCC9C011A73F6F8487A /* DocumentStoreTests.swift */ = {isa = PBXFileReference; lastKnownFileType = sourcecode.swift; path = DocumentStoreTests.swift; sourceTree = "<group>"; };
		3C781526E444189C230F6A85 /* PreviewHelpers.swift */ = {isa = PBXFileReference; lastKnownFileType = sourcecode.swift; path = PreviewHelpers.swift; sourceTree = "<group>"; };
		40FE7E0489A7868B5BBE35DD /* TranscriptExporter.swift */ = {isa = PBXFileReference; lastKnownFileType = sourcecode.swift; path = TranscriptExporter.swift; sourceTree = "<group>"; };
		4E1FC054D6CF71A2D8F3A8E5 /* OnboardingView.swift */ = {isa = PBXFileReference; lastKnownFileType = sourcecode.swift; path = OnboardingView.swift; sourceTree = "<group>"; };
		4F984D01617B99D837A39669 /* ExaminationEngine.swift */ = {isa = PBXFileReference; lastKnownFileType = sourcecode.swift; path = ExaminationEngine.swift; sourceTree = "<group>"; };
		5B9CC6A0B4AAED6DB815386A /* EnergyVAD.swift */ = {isa = PBXFileReference; lastKnownFileType = sourcecode.swift; path = EnergyVAD.swift; sourceTree = "<group>"; };
		5DDAF106AEE92B9A96610CD8 /* AudioRealTimePrimitives.swift */ = {isa = PBXFileReference; lastKnownFileType = sourcecode.swift; path = AudioRealTimePrimitives.swift; sourceTree = "<group>"; };
		623231DE1D3F1AE09B73263E /* DocumentLibraryView.swift */ = {isa = PBXFileReference; lastKnownFileType = sourcecode.swift; path = DocumentLibraryView.swift; sourceTree = "<group>"; };
		63227B81875477050E91A262 /* DocumentDropView.swift */ = {isa = PBXFileReference; lastKnownFileType = sourcecode.swift; path = DocumentDropView.swift; sourceTree = "<group>"; };
		663681821F17DB000497D03E /* PerformanceCalculatorTests.swift */ = {isa = PBXFileReference; lastKnownFileType = sourcecode.swift; path = PerformanceCalculatorTests.swift; sourceTree = "<group>"; };
		6D03A703B3AE13AFB884206C /* ConversationSummaryView.swift */ = {isa = PBXFileReference; lastKnownFileType = sourcecode.swift; path = ConversationSummaryView.swift; sourceTree = "<group>"; };
		6ECBF0809800D6771261759F /* FlowLayout.swift */ = {isa = PBXFileReference; lastKnownFileType = sourcecode.swift; path = FlowLayout.swift; sourceTree = "<group>"; };
		70AC26F4747F2DBED3412B38 /* ResultsView.swift */ = {isa = PBXFileReference; lastKnownFileType = sourcecode.swift; path = ResultsView.swift; sourceTree = "<group>"; };
		715620ED2EF5D2DC3C546470 /* DocumentChunker.swift */ = {isa = PBXFileReference; lastKnownFileType = sourcecode.swift; path = DocumentChunker.swift; sourceTree = "<group>"; };
		72F45BF84B2369D6ED42AF22 /* ENTExaminerIOS.app */ = {isa = PBXFileReference; includeInIndex = 0; lastKnownFileType = wrapper.application; path = ENTExaminerIOS.app; sourceTree = BUILT_PRODUCTS_DIR; };
		74B29BD6593ECECBBDEA0C0B /* ElevenLabsTTSService.swift */ = {isa = PBXFileReference; lastKnownFileType = sourcecode.swift; path = ElevenLabsTTSService.swift; sourceTree = "<group>"; };
		74DAF83ABCA48E183F401252 /* HTTPClient.swift */ = {isa = PBXFileReference; lastKnownFileType = sourcecode.swift; path = HTTPClient.swift; sourceTree = "<group>"; };
		754520E1C0A285BEDD9FDC09 /* DocumentChunkerTests.swift */ = {isa = PBXFileReference; lastKnownFileType = sourcecode.swift; path = DocumentChunkerTests.swift; sourceTree = "<group>"; };
		777D11699E9754E2BEC9AC9A /* ExaminationView.swift */ = {isa = PBXFileReference; lastKnownFileType = sourcecode.swift; path = ExaminationView.swift; sourceTree = "<group>"; };
		783D4D4874B2990FBB6CBEB8 /* ProgressOverlayView.swift */ = {isa = PBXFileReference; lastKnownFileType = sourcecode.swift; path = ProgressOverlayView.swift; sourceTree = "<group>"; };
		7D9DB66587D3A727ED96DB98 /* DocumentParser.swift */ = {isa = PBXFileReference; lastKnownFileType = sourcecode.swift; path = DocumentParser.swift; sourceTree = "<group>"; };
		7EDB32F954EB5F9180096F3A /* AppIcon.icns */ = {isa = PBXFileReference; lastKnownFileType = image.icns; path = AppIcon.icns; sourceTree = "<group>"; };
		865AD86D0690488E143F2479 /* IngestionDocument.swift */ = {isa = PBXFileReference; lastKnownFileType = sourcecode.swift; path = IngestionDocument.swift; sourceTree = "<group>"; };
		8850BD29986BD024725BBB0E /* CaseBankView.swift */ = {isa = PBXFileReference; lastKnownFileType = sourcecode.swift; path = CaseBankView.swift; sourceTree = "<group>"; };
		8B52776A841111E197D38B01 /* ClaudeAPIClient.swift */ = {isa = PBXFileReference; lastKnownFileType = sourcecode.swift; path = ClaudeAPIClient.swift; sourceTree = "<group>"; };
		8C64E31DA1A9484358CE1ECF /* FlowControllerTests.swift */ = {isa = PBXFileReference; lastKnownFileType = sourcecode.swift; path = FlowControllerTests.swift; sourceTree = "<group>"; };
		8EA694F1489FDA59F546B0E5 /* ContentView.swift */ = {isa = PBXFileReference; lastKnownFileType = sourcecode.swift; path = ContentView.swift; sourceTree = "<group>"; };
		8F6F05A803D50F96C1D43785 /* SentenceSplitterTests.swift */ = {isa = PBXFileReference; lastKnownFileType = sourcecode.swift; path = SentenceSplitterTests.swift; sourceTree = "<group>"; };
		939E65DADFC50C541967E84F /* ArchiveView.swift */ = {isa = PBXFileReference; lastKnownFileType = sourcecode.swift; path = ArchiveView.swift; sourceTree = "<group>"; };
		94F9C6DC7B42ED5CE4770B03 /* AppError.swift */ = {isa = PBXFileReference; lastKnownFileType = sourcecode.swift; path = AppError.swift; sourceTree = "<group>"; };
		973A9BC779C3C0C7413D5072 /* SystemStatusView.swift */ = {isa = PBXFileReference; lastKnownFileType = sourcecode.swift; path = SystemStatusView.swift; sourceTree = "<group>"; };
		9865F9454751ECE9BF8BBDD5 /* ENTExaminerTests.xctest */ = {isa = PBXFileReference; explicitFileType = wrapper.cfbundle; includeInIndex = 0; path = ENTExaminerTests.xctest; sourceTree = BUILT_PRODUCTS_DIR; };
		9DBFA3D3FA49080F71F4B1E5 /* TTSService.swift */ = {isa = PBXFileReference; lastKnownFileType = sourcecode.swift; path = TTSService.swift; sourceTree = "<group>"; };
		A52ABF3E262E990B1800657A /* SentenceSplitter.swift */ = {isa = PBXFileReference; lastKnownFileType = sourcecode.swift; path = SentenceSplitter.swift; sourceTree = "<group>"; };
		A6B13EC479945BF3FA5671C5 /* SessionPersistence.swift */ = {isa = PBXFileReference; lastKnownFileType = sourcecode.swift; path = SessionPersistence.swift; sourceTree = "<group>"; };
		A79E38D8D4DC940AF9F32668 /* VoiceActivityDetector.swift */ = {isa = PBXFileReference; lastKnownFileType = sourcecode.swift; path = VoiceActivityDetector.swift; sourceTree = "<group>"; };
		AAFA052912EE9A2073A0E8A0 /* AppState.swift */ = {isa = PBXFileReference; lastKnownFileType = sourcecode.swift; path = AppState.swift; sourceTree = "<group>"; };
		B1C7A29DD7BCC04F216D44A3 /* SSEClient.swift */ = {isa = PBXFileReference; lastKnownFileType = sourcecode.swift; path = SSEClient.swift; sourceTree = "<group>"; };
		BDD15D51ECFE4E284F5DD1C0 /* PipelinedSpeaker.swift */ = {isa = PBXFileReference; lastKnownFileType = sourcecode.swift; path = PipelinedSpeaker.swift; sourceTree = "<group>"; };
		BF72481ED17A457FC21352F2 /* Assets.xcassets */ = {isa = PBXFileReference; lastKnownFileType = folder.assetcatalog; path = Assets.xcassets; sourceTree = "<group>"; };
		C247E0F1D5A92891B90A6135 /* DocumentDetailView.swift */ = {isa = PBXFileReference; lastKnownFileType = sourcecode.swift; path = DocumentDetailView.swift; sourceTree = "<group>"; };
		CB74E905C57330570ED58336 /* FlowController.swift */ = {isa = PBXFileReference; lastKnownFileType = sourcecode.swift; path = FlowController.swift; sourceTree = "<group>"; };
		CC56B9084DB064CEEE46DFA6 /* ENTExaminer.entitlements */ = {isa = PBXFileReference; lastKnownFileType = text.plist.entitlements; path = ENTExaminer.entitlements; sourceTree = "<group>"; };
		D150C9BE3956EEE4029A8326 /* ExaminationState.swift */ = {isa = PBXFileReference; lastKnownFileType = sourcecode.swift; path = ExaminationState.swift; sourceTree = "<group>"; };
		D26E1C50DE940273C8D68B72 /* Info-iOS.plist */ = {isa = PBXFileReference; lastKnownFileType = text.plist; path = "Info-iOS.plist"; sourceTree = "<group>"; };
		D27D4F1320DAD260E64A9064 /* AppleTTSService.swift */ = {isa = PBXFileReference; lastKnownFileType = sourcecode.swift; path = AppleTTSService.swift; sourceTree = "<group>"; };
		D977F8C7748451C268850B7C /* WaveformView.swift */ = {isa = PBXFileReference; lastKnownFileType = sourcecode.swift; path = WaveformView.swift; sourceTree = "<group>"; };
		DEE8E4B17D35099B7885A147 /* LibraryDocument.swift */ = {isa = PBXFileReference; lastKnownFileType = sourcecode.swift; path = LibraryDocument.swift; sourceTree = "<group>"; };
		E0C1235BF88BD19E06443905 /* DocumentStore.swift */ = {isa = PBXFileReference; lastKnownFileType = sourcecode.swift; path = DocumentStore.swift; sourceTree = "<group>"; };
		E63CE979C790B43836837FED /* ENTExaminerApp.swift */ = {isa = PBXFileReference; lastKnownFileType = sourcecode.swift; path = ENTExaminerApp.swift; sourceTree = "<group>"; };
		E71FFE188E788DBCC67A0B47 /* KeychainManager.swift */ = {isa = PBXFileReference; lastKnownFileType = sourcecode.swift; path = KeychainManager.swift; sourceTree = "<group>"; };
		E7C59983C5B18F932E123D46 /* AudioPipeline.swift */ = {isa = PBXFileReference; lastKnownFileType = sourcecode.swift; path = AudioPipeline.swift; sourceTree = "<group>"; };
		EFE323226D8589A3EBB6AA3F /* DocumentAnalyzer.swift */ = {isa = PBXFileReference; lastKnownFileType = sourcecode.swift; path = DocumentAnalyzer.swift; sourceTree = "<group>"; };
		F0AC3C39F9F99D3247BD6E6A /* DialogueFlowController.swift */ = {isa = PBXFileReference; lastKnownFileType = sourcecode.swift; path = DialogueFlowController.swift; sourceTree = "<group>"; };
		F7D0D2BA128401D2849ED1E4 /* ENTExaminerIOS.entitlements */ = {isa = PBXFileReference; lastKnownFileType = text.plist.entitlements; path = ENTExaminerIOS.entitlements; sourceTree = "<group>"; };
		FEB9906E13F2E8C5269669DA /* RadarChartView.swift */ = {isa = PBXFileReference; lastKnownFileType = sourcecode.swift; path = RadarChartView.swift; sourceTree = "<group>"; };
/* End PBXFileReference section */

/* Begin PBXGroup section */
		063D80D8E583F9098C78F7FF /* Views */ = {
			isa = PBXGroup;
			children = (
				6D03A703B3AE13AFB884206C /* ConversationSummaryView.swift */,
				2E9DE9BAA4DC1B0866E66277 /* PerformanceDashboard.swift */,
				FEB9906E13F2E8C5269669DA /* RadarChartView.swift */,
				70AC26F4747F2DBED3412B38 /* ResultsView.swift */,
			);
			path = Views;
			sourceTree = "<group>";
		};
		07A357B765482BA575563F39 /* Models */ = {
			isa = PBXGroup;
			children = (
				191A16645C0AC8FCE4CA7909 /* PerformanceModels.swift */,
			);
			path = Models;
			sourceTree = "<group>";
		};
		098AE93A02095B09EC3BDA0C /* Models */ = {
			isa = PBXGroup;
			children = (
				0F07C5635FD7EE9E40A36F28 /* DialogueModels.swift */,
				D150C9BE3956EEE4029A8326 /* ExaminationState.swift */,
			);
			path = Models;
			sourceTree = "<group>";
		};
		0F50C3DC5C6B38F6A667D9DB /* Models */ = {
			isa = PBXGroup;
			children = (
				DEE8E4B17D35099B7885A147 /* LibraryDocument.swift */,
			);
			path = Models;
			sourceTree = "<group>";
		};
		1B8B71A3C5AFDC2B6F20F9EE /* Views */ = {
			isa = PBXGroup;
			children = (
				4E1FC054D6CF71A2D8F3A8E5 /* OnboardingView.swift */,
				2052FBC843EA607BF3B8F88C /* SettingsView.swift */,
			);
			path = Views;
			sourceTree = "<group>";
		};
		1E49617FA58C710E4B230F61 /* Products */ = {
			isa = PBXGroup;
			children = (
				3949D54F6258F90BBF5E4A39 /* ENTExaminer.app */,
				72F45BF84B2369D6ED42AF22 /* ENTExaminerIOS.app */,
				9865F9454751ECE9BF8BBDD5 /* ENTExaminerTests.xctest */,
			);
			name = Products;
			sourceTree = "<group>";
		};
		2F5B78BF9730B3BDD53B80C9 /* Resources */ = {
			isa = PBXGroup;
			children = (
				7EDB32F954EB5F9180096F3A /* AppIcon.icns */,
				BF72481ED17A457FC21352F2 /* Assets.xcassets */,
			);
			path = Resources;
			sourceTree = "<group>";
		};
		2FC9974AB3DDD2E58551B40E /* Services */ = {
			isa = PBXGroup;
			children = (
				92B3A1A06E024A8EEF334429 /* Audio */,
				C6C8420CEC7923C86EC72874 /* Claude */,
				54AE58661F4CE62FAF82D76D /* Voice */,
			);
			path = Services;
			sourceTree = "<group>";
		};
		35906E497D8F9C54BA9BFE04 /* Services */ = {
			isa = PBXGroup;
			children = (
				E0C1235BF88BD19E06443905 /* DocumentStore.swift */,
			);
			path = Services;
			sourceTree = "<group>";
		};
		35D721C85A338F8043D375DA /* Networking */ = {
			isa = PBXGroup;
			children = (
				74DAF83ABCA48E183F401252 /* HTTPClient.swift */,
				2A1F1379350D51FB8273EFF4 /* RetryHandler.swift */,
				B1C7A29DD7BCC04F216D44A3 /* SSEClient.swift */,
			);
			path = Networking;
			sourceTree = "<group>";
		};
		37062FEC5BDCF0662D13D2F0 /* Performance */ = {
			isa = PBXGroup;
			children = (
				07A357B765482BA575563F39 /* Models */,
				063D80D8E583F9098C78F7FF /* Views */,
			);
			path = Performance;
			sourceTree = "<group>";
		};
		380843207DA127808C7D1324 /* Services */ = {
			isa = PBXGroup;
			children = (
				A6B13EC479945BF3FA5671C5 /* SessionPersistence.swift */,
				40FE7E0489A7868B5BBE35DD /* TranscriptExporter.swift */,
			);
			path = Services;
			sourceTree = "<group>";
		};
		465A4F6E4F7AF5E1CF8F6B9E /* Models */ = {
			isa = PBXGroup;
			children = (
				865AD86D0690488E143F2479 /* IngestionDocument.swift */,
			);
			path = Models;
			sourceTree = "<group>";
		};
		5194B98A6A1CC7A40C06C557 /* Features */ = {
			isa = PBXGroup;
			children = (
				AEEBD92740819CC7F04C9D96 /* CaseBank */,
				B7AF2CBC53E3B832CB361080 /* DocumentIngestion */,
				82FA0D56555735670EAAFC39 /* DocumentLibrary */,
				E6A318C3086D7C2ACDDBCB87 /* Examination */,
				37062FEC5BDCF0662D13D2F0 /* Performance */,
				6B915F75C1362BB348254259 /* Settings */,
				82C4D083E3D0D9630C3D924B /* Status */,
			);
			path = Features;
			sourceTree = "<group>";
		};
		54AE58661F4CE62FAF82D76D /* Voice */ = {
			isa = PBXGroup;
			children = (
				C1E02B30D3D69690BDF2639D /* Protocols */,
				AF74160636DF9E15AD188BE6 /* STT */,
				91D56B24A1BB883AAF7B88AF /* TTS */,
			);
			path = Voice;
			sourceTree = "<group>";
		};
		5730C8F84EE07E29A172CC02 /* ENTExaminerTests */ = {
			isa = PBXGroup;
			children = (
				754520E1C0A285BEDD9FDC09 /* DocumentChunkerTests.swift */,
				39D36BCC9C011A73F6F8487A /* DocumentStoreTests.swift */,
				8C64E31DA1A9484358CE1ECF /* FlowControllerTests.swift */,
				20A4B967E9733BA5C3C1510F /* HTMLTextConverterTests.swift */,
				663681821F17DB000497D03E /* PerformanceCalculatorTests.swift */,
				8F6F05A803D50F96C1D43785 /* SentenceSplitterTests.swift */,
				319C24CEA4D90888FA824A28 /* TranscriptExporterTests.swift */,
			);
			path = ENTExaminerTests;
			sourceTree = "<group>";
		};
		5D896209D8763F97B2AEF64D /* Core */ = {
			isa = PBXGroup;
			children = (
				77F7DE4807C6B96BB7963413 /* Errors */,
				D2343C20ECAEFB6E4DCE0CC8 /* Keychain */,
				35D721C85A338F8043D375DA /* Networking */,
			);
			path = Core;
			sourceTree = "<group>";
		};
		6B915F75C1362BB348254259 /* Settings */ = {
			isa = PBXGroup;
			children = (
				1B8B71A3C5AFDC2B6F20F9EE /* Views */,
			);
			path = Settings;
			sourceTree = "<group>";
		};
		77F7DE4807C6B96BB7963413 /* Errors */ = {
			isa = PBXGroup;
			children = (
				94F9C6DC7B42ED5CE4770B03 /* AppError.swift */,
			);
			path = Errors;
			sourceTree = "<group>";
		};
		82C4D083E3D0D9630C3D924B /* Status */ = {
			isa = PBXGroup;
			children = (
				C9581687D16F9695D27B6A7D /* Views */,
			);
			path = Status;
			sourceTree = "<group>";
		};
		82FA0D56555735670EAAFC39 /* DocumentLibrary */ = {
			isa = PBXGroup;
			children = (
				0F50C3DC5C6B38F6A667D9DB /* Models */,
				35906E497D8F9C54BA9BFE04 /* Services */,
				A52867B02E73E3DFDF9F179B /* Views */,
			);
			path = DocumentLibrary;
			sourceTree = "<group>";
		};
		91D56B24A1BB883AAF7B88AF /* TTS */ = {
			isa = PBXGroup;
			children = (
				D27D4F1320DAD260E64A9064 /* AppleTTSService.swift */,
				74B29BD6593ECECBBDEA0C0B /* ElevenLabsTTSService.swift */,
				BDD15D51ECFE4E284F5DD1C0 /* PipelinedSpeaker.swift */,
				A52ABF3E262E990B1800657A /* SentenceSplitter.swift */,
			);
			path = TTS;
			sourceTree = "<group>";
		};
		92B3A1A06E024A8EEF334429 /* Audio */ = {
			isa = PBXGroup;
			children = (
				E7C59983C5B18F932E123D46 /* AudioPipeline.swift */,
				5DDAF106AEE92B9A96610CD8 /* AudioRealTimePrimitives.swift */,
			);
			path = Audio;
			sourceTree = "<group>";
		};
		A14756ED1171DFBC6CA4E99C /* Views */ = {
			isa = PBXGroup;
			children = (
				63227B81875477050E91A262 /* DocumentDropView.swift */,
			);
			path = Views;
			sourceTree = "<group>";
		};
		A52867B02E73E3DFDF9F179B /* Views */ = {
			isa = PBXGroup;
			children = (
				939E65DADFC50C541967E84F /* ArchiveView.swift */,
				C247E0F1D5A92891B90A6135 /* DocumentDetailView.swift */,
				623231DE1D3F1AE09B73263E /* DocumentLibraryView.swift */,
			);
			path = Views;
			sourceTree = "<group>";
		};
		A755E44AA78726204D3D2E24 /* ENTExaminer */ = {
			isa = PBXGroup;
			children = (
				DDCDE09A27C7A227341851DB /* App */,
				5D896209D8763F97B2AEF64D /* Core */,
				5194B98A6A1CC7A40C06C557 /* Features */,
				2F5B78BF9730B3BDD53B80C9 /* Resources */,
				2FC9974AB3DDD2E58551B40E /* Services */,
				CC56B9084DB064CEEE46DFA6 /* ENTExaminer.entitlements */,
				F7D0D2BA128401D2849ED1E4 /* ENTExaminerIOS.entitlements */,
				D26E1C50DE940273C8D68B72 /* Info-iOS.plist */,
			);
			path = ENTExaminer;
			sourceTree = "<group>";
		};
		AEEBD92740819CC7F04C9D96 /* CaseBank */ = {
			isa = PBXGroup;
			children = (
				B9059999C6A7F3A43B462F75 /* Views */,
				0E4AA0B4DF66C44CFBF23B7C /* CaseBank.swift */,
			);
			path = CaseBank;
			sourceTree = "<group>";
		};
		AF74160636DF9E15AD188BE6 /* STT */ = {
			isa = PBXGroup;
			children = (
				0505AD59059D47F668A2F95E /* AppleSpeechSTTService.swift */,
				5B9CC6A0B4AAED6DB815386A /* EnergyVAD.swift */,
			);
			path = STT;
			sourceTree = "<group>";
		};
		B7AF2CBC53E3B832CB361080 /* DocumentIngestion */ = {
			isa = PBXGroup;
			children = (
				465A4F6E4F7AF5E1CF8F6B9E /* Models */,
				BC4B13811464BA5EC87A2981 /* Services */,
				A14756ED1171DFBC6CA4E99C /* Views */,
			);
			path = DocumentIngestion;
			sourceTree = "<group>";
		};
		B9059999C6A7F3A43B462F75 /* Views */ = {
			isa = PBXGroup;
			children = (
				8850BD29986BD024725BBB0E /* CaseBankView.swift */,
			);
			path = Views;
			sourceTree = "<group>";
		};
		BC4B13811464BA5EC87A2981 /* Services */ = {
			isa = PBXGroup;
			children = (
				715620ED2EF5D2DC3C546470 /* DocumentChunker.swift */,
				7D9DB66587D3A727ED96DB98 /* DocumentParser.swift */,
				06DBB4E59964E5E6818F4463 /* WebDocumentFetcher.swift */,
			);
			path = Services;
			sourceTree = "<group>";
		};
		BD8098340ABD7AF1F0026606 = {
			isa = PBXGroup;
			children = (
				A755E44AA78726204D3D2E24 /* ENTExaminer */,
				5730C8F84EE07E29A172CC02 /* ENTExaminerTests */,
				1E49617FA58C710E4B230F61 /* Products */,
			);
			sourceTree = "<group>";
		};
		C1E02B30D3D69690BDF2639D /* Protocols */ = {
			isa = PBXGroup;
			children = (
				10A79D99EE78E7678906EAEA /* STTService.swift */,
				9DBFA3D3FA49080F71F4B1E5 /* TTSService.swift */,
				A79E38D8D4DC940AF9F32668 /* VoiceActivityDetector.swift */,
			);
			path = Protocols;
			sourceTree = "<group>";
		};
		C6C8420CEC7923C86EC72874 /* Claude */ = {
			isa = PBXGroup;
			children = (
				8B52776A841111E197D38B01 /* ClaudeAPIClient.swift */,
				1947D088FCD344A42EEA0C5A /* ClaudeModels.swift */,
				EFE323226D8589A3EBB6AA3F /* DocumentAnalyzer.swift */,
			);
			path = Claude;
			sourceTree = "<group>";
		};
		C9581687D16F9695D27B6A7D /* Views */ = {
			isa = PBXGroup;
			children = (
				973A9BC779C3C0C7413D5072 /* SystemStatusView.swift */,
			);
			path = Views;
			sourceTree = "<group>";
		};
		D2343C20ECAEFB6E4DCE0CC8 /* Keychain */ = {
			isa = PBXGroup;
			children = (
				E71FFE188E788DBCC67A0B47 /* KeychainManager.swift */,
			);
			path = Keychain;
			sourceTree = "<group>";
		};
		DA709B4D2AE18850ECB70A69 /* Engine */ = {
			isa = PBXGroup;
			children = (
				F0AC3C39F9F99D3247BD6E6A /* DialogueFlowController.swift */,
				4F984D01617B99D837A39669 /* ExaminationEngine.swift */,
				CB74E905C57330570ED58336 /* FlowController.swift */,
			);
			path = Engine;
			sourceTree = "<group>";
		};
		DDCDE09A27C7A227341851DB /* App */ = {
			isa = PBXGroup;
			children = (
				AAFA052912EE9A2073A0E8A0 /* AppState.swift */,
				8EA694F1489FDA59F546B0E5 /* ContentView.swift */,
				E63CE979C790B43836837FED /* ENTExaminerApp.swift */,
				6ECBF0809800D6771261759F /* FlowLayout.swift */,
				3C781526E444189C230F6A85 /* PreviewHelpers.swift */,
				783D4D4874B2990FBB6CBEB8 /* ProgressOverlayView.swift */,
			);
			path = App;
			sourceTree = "<group>";
		};
		E646DC18D56C542464AC2FAD /* Views */ = {
			isa = PBXGroup;
			children = (
				777D11699E9754E2BEC9AC9A /* ExaminationView.swift */,
				D977F8C7748451C268850B7C /* WaveformView.swift */,
			);
			path = Views;
			sourceTree = "<group>";
		};
		E6A318C3086D7C2ACDDBCB87 /* Examination */ = {
			isa = PBXGroup;
			children = (
				DA709B4D2AE18850ECB70A69 /* Engine */,
				098AE93A02095B09EC3BDA0C /* Models */,
				380843207DA127808C7D1324 /* Services */,
				E646DC18D56C542464AC2FAD /* Views */,
			);
			path = Examination;
			sourceTree = "<group>";
		};
/* End PBXGroup section */

/* Begin PBXNativeTarget section */
		6464F768C30BC9A043A877C0 /* ENTExaminerTests */ = {
			isa = PBXNativeTarget;
			buildConfigurationList = 849C6E2DD7AFE7D8C27BF843 /* Build configuration list for PBXNativeTarget "ENTExaminerTests" */;
			buildPhases = (
				1F23EBADD964FBA54BCFC25F /* Sources */,
			);
			buildRules = (
			);
			dependencies = (
				BE7FDCB376094E03B0DEE5D4 /* PBXTargetDependency */,
			);
			name = ENTExaminerTests;
			packageProductDependencies = (
			);
			productName = ENTExaminerTests;
			productReference = 9865F9454751ECE9BF8BBDD5 /* ENTExaminerTests.xctest */;
			productType = "com.apple.product-type.bundle.unit-test";
		};
		78F8E5DD4CF3CA982533E680 /* ENTExaminerIOS */ = {
			isa = PBXNativeTarget;
			buildConfigurationList = DC103844AF5E6ADE2C0AC526 /* Build configuration list for PBXNativeTarget "ENTExaminerIOS" */;
			buildPhases = (
				ED99D997B4D4CF2C0DF93611 /* Sources */,
				519142190C1C3FA8BC0EC737 /* Resources */,
			);
			buildRules = (
			);
			dependencies = (
			);
			name = ENTExaminerIOS;
			packageProductDependencies = (
			);
			productName = ENTExaminerIOS;
			productReference = 72F45BF84B2369D6ED42AF22 /* ENTExaminerIOS.app */;
			productType = "com.apple.product-type.application";
		};
		F388AC21CFAD05C9D4E0B772 /* ENTExaminer */ = {
			isa = PBXNativeTarget;
			buildConfigurationList = BD5C85CC3206EEE17F5A7AC3 /* Build configuration list for PBXNativeTarget "ENTExaminer" */;
			buildPhases = (
				F74FA91B8D94200D1E243B24 /* Sources */,
				19D3A7AA59C0071567ABAE7F /* Resources */,
			);
			buildRules = (
			);
			dependencies = (
			);
			name = ENTExaminer;
			packageProductDependencies = (
			);
			productName = ENTExaminer;
			productReference = 3949D54F6258F90BBF5E4A39 /* ENTExaminer.app */;
			productType = "com.apple.product-type.application";
		};
/* End PBXNativeTarget section */

/* Begin PBXProject section */
		F563081D34A602553C02CA32 /* Project object */ = {
			isa = PBXProject;
			attributes = {
				BuildIndependentTargetsInParallel = YES;
				LastUpgradeCheck = 1600;
				TargetAttributes = {
					78F8E5DD4CF3CA982533E680 = {
						ProvisioningStyle = Automatic;
					};
					F388AC21CFAD05C9D4E0B772 = {
						ProvisioningStyle = Automatic;
					};
				};
			};
			buildConfigurationList = EAD5E47CA4E9578BAB742CB6 /* Build configuration list for PBXProject "ENTExaminer" */;
			developmentRegion = en;
			hasScannedForEncodings = 0;
			knownRegions = (
				Base,
				en,
			);
			mainGroup = BD8098340ABD7AF1F0026606;
			minimizedProjectReferenceProxies = 1;
			preferredProjectObjectVersion = 77;
			productRefGroup = 1E49617FA58C710E4B230F61 /* Products */;
			projectDirPath = "";
			projectRoot = "";
			targets = (
				F388AC21CFAD05C9D4E0B772 /* ENTExaminer */,
				78F8E5DD4CF3CA982533E680 /* ENTExaminerIOS */,
				6464F768C30BC9A043A877C0 /* ENTExaminerTests */,
			);
		};
/* End PBXProject section */

/* Begin PBXResourcesBuildPhase section */
		19D3A7AA59C0071567ABAE7F /* Resources */ = {
			isa = PBXResourcesBuildPhase;
			buildActionMask = 2147483647;
			files = (
				002A0B6F58C7873C69D6890C /* AppIcon.icns in Resources */,
				AE155FD7770EEC62E45CB4F1 /* Assets.xcassets in Resources */,
				BB065275CCA471A7F765889C /* Info-iOS.plist in Resources */,
			);
			runOnlyForDeploymentPostprocessing = 0;
		};
		519142190C1C3FA8BC0EC737 /* Resources */ = {
			isa = PBXResourcesBuildPhase;
			buildActionMask = 2147483647;
			files = (
				A0B5C734980AD9E3540413CD /* AppIcon.icns in Resources */,
				81110AD4FA39A72E27C29B19 /* Assets.xcassets in Resources */,
				1A47B5E641DC171BB726525E /* Info-iOS.plist in Resources */,
			);
			runOnlyForDeploymentPostprocessing = 0;
		};
/* End PBXResourcesBuildPhase section */

/* Begin PBXSourcesBuildPhase section */
		1F23EBADD964FBA54BCFC25F /* Sources */ = {
			isa = PBXSourcesBuildPhase;
			buildActionMask = 2147483647;
			files = (
				BC36C4B4DC20771AE60EAABC /* DocumentChunkerTests.swift in Sources */,
				850BEA0C20FFF411602691FD /* DocumentStoreTests.swift in Sources */,
				0AC68467982C22E0E1758ECB /* FlowControllerTests.swift in Sources */,
				FA2C5223AD0A9121AD0937BC /* HTMLTextConverterTests.swift in Sources */,
				0A6092041A23E449EE8ED41F /* PerformanceCalculatorTests.swift in Sources */,
				70755A8A496FD5EE7C6CD11A /* SentenceSplitterTests.swift in Sources */,
				1B82530B48E8095F59C3ACBA /* TranscriptExporterTests.swift in Sources */,
			);
			runOnlyForDeploymentPostprocessing = 0;
		};
		ED99D997B4D4CF2C0DF93611 /* Sources */ = {
			isa = PBXSourcesBuildPhase;
			buildActionMask = 2147483647;
			files = (
				F6B2FC66339D4CC3A0F11486 /* AppError.swift in Sources */,
				946155AF02E45A475E88A2CF /* AppState.swift in Sources */,
				6B128E25D9A0A52242DF04D4 /* AppleSpeechSTTService.swift in Sources */,
				31FC34889C687D4146BFFF99 /* AppleTTSService.swift in Sources */,
				B57757D5D85D0D6F95A32958 /* ArchiveView.swift in Sources */,
				6A89DDA937304F9E40D996DA /* AudioPipeline.swift in Sources */,
				F1A0BEBB024981C86164E176 /* AudioRealTimePrimitives.swift in Sources */,
				30F8DF0C2ED404FEC31D9E03 /* CaseBank.swift in Sources */,
				D7C7F99F31011566A81376B6 /* CaseBankView.swift in Sources */,
				83FB9E23621198A9444B5315 /* ClaudeAPIClient.swift in Sources */,
				0C64BD1D2CF7DD71D530DBDD /* ClaudeModels.swift in Sources */,
				372451363170FB26E9CF3830 /* ContentView.swift in Sources */,
				299D21426341FB2E2B5B9B0E /* ConversationSummaryView.swift in Sources */,
				621102DF7EECFFA2331C10FC /* DialogueFlowController.swift in Sources */,
				20E32138F99CA856B62FD4F8 /* DialogueModels.swift in Sources */,
				70D72C0981EBF35D0439BAD2 /* DocumentAnalyzer.swift in Sources */,
				3BE087224B9EE3F7E87B2DF0 /* DocumentChunker.swift in Sources */,
				E70CF06848DC5859DD6DE51C /* DocumentDetailView.swift in Sources */,
				C136753084C5936D545BADBF /* DocumentDropView.swift in Sources */,
				5E7901FA0481993BA4423ADA /* DocumentLibraryView.swift in Sources */,
				14A74648B737271E86ADDCB1 /* DocumentParser.swift in Sources */,
				EF5BB71EEFA37E3F088B8740 /* DocumentStore.swift in Sources */,
				1AB0F7159E3AD4EAA020714E /* ENTExaminerApp.swift in Sources */,
				C3A29287BB19E361F4E20526 /* ElevenLabsTTSService.swift in Sources */,
				BBAC5B2532ADAE53ED4226C2 /* EnergyVAD.swift in Sources */,
				25AF64BE70228292C21366B2 /* ExaminationEngine.swift in Sources */,
				5BE3FB7019A90CC07B62EE1E /* ExaminationState.swift in Sources */,
				D42541334152C41F25632B6E /* ExaminationView.swift in Sources */,
				265DD24CF1F9499B94538193 /* FlowController.swift in Sources */,
				242EE5CBEAFDB65695102FC3 /* FlowLayout.swift in Sources */,
				D560C95AA8F71B9BB291E750 /* HTTPClient.swift in Sources */,
				9FA324FB0F077093D4AE3D68 /* IngestionDocument.swift in Sources */,
				C3ED978D9A47F9FDFDA2C558 /* KeychainManager.swift in Sources */,
				B34498D53269D79E337A3F63 /* LibraryDocument.swift in Sources */,
				6F3E3B452A686A0F9452F1AD /* OnboardingView.swift in Sources */,
				6CC5AE7D2004C17226F01E02 /* PerformanceDashboard.swift in Sources */,
				97F5D323FB2E77A3566DA853 /* PerformanceModels.swift in Sources */,
				5EDF0F6F6C717F88BEC098F7 /* PipelinedSpeaker.swift in Sources */,
				AB7683935242BCE557FB77C8 /* PreviewHelpers.swift in Sources */,
				7FF636809759CE3A0C2FA18A /* ProgressOverlayView.swift in Sources */,
				0250AD2E2D7271F0E030BA79 /* RadarChartView.swift in Sources */,
				D03C39F02403F7BD617CBC94 /* ResultsView.swift in Sources */,
				8E9B983A041C84134BB3D779 /* RetryHandler.swift in Sources */,
				F44F1B77E598EB1E2758E3E1 /* SSEClient.swift in Sources */,
				07645DA9372A54D7C2BEE5FA /* STTService.swift in Sources */,
				E0275B336C6357615D71BD63 /* SentenceSplitter.swift in Sources */,
				0EDC65C667E5385E326EE512 /* SessionPersistence.swift in Sources */,
				424CC50C55A3666256EA84CB /* SettingsView.swift in Sources */,
				4857F32B38CE35938BDFC553 /* SystemStatusView.swift in Sources */,
				FD06B95CA7F0C62B781E6AC0 /* TTSService.swift in Sources */,
				7A01BF0C7ABE512F7762078B /* TranscriptExporter.swift in Sources */,
				2C8AF6FE451CFAF025EFCBC3 /* VoiceActivityDetector.swift in Sources */,
				DB855894DE552067201306C6 /* WaveformView.swift in Sources */,
				A525A9F4445A445BAA2E5844 /* WebDocumentFetcher.swift in Sources */,
			);
			runOnlyForDeploymentPostprocessing = 0;
		};
		F74FA91B8D94200D1E243B24 /* Sources */ = {
			isa = PBXSourcesBuildPhase;
			buildActionMask = 2147483647;
			files = (
				FE356EB3C7625D3C951AFE92 /* AppError.swift in Sources */,
				6D9B5CD0F78AE91884C89792 /* AppState.swift in Sources */,
				DFBE17D0F1DD704A458A796D /* AppleSpeechSTTService.swift in Sources */,
				1F50DEED4E469816E04498AB /* AppleTTSService.swift in Sources */,
				352A229EB46B664DDD8742A4 /* ArchiveView.swift in Sources */,
				539B6453F01AE2B1E960A50D /* AudioPipeline.swift in Sources */,
				009404F19C1B0BBBA0ACE49F /* AudioRealTimePrimitives.swift in Sources */,
				1AA389A45E40C423E2D56818 /* CaseBank.swift in Sources */,
				D09103176A0EAAB5E1FBB3AA /* CaseBankView.swift in Sources */,
				C7F37142D9AA529081CED85A /* ClaudeAPIClient.swift in Sources */,
				404FB19F2DE3CC008C03EB32 /* ClaudeModels.swift in Sources */,
				CDE9CAC794AC7B801BABBA28 /* ContentView.swift in Sources */,
				C3826D28B5D1B4F5B688404A /* ConversationSummaryView.swift in Sources */,
				AC9FF30DFE175A50118DD037 /* DialogueFlowController.swift in Sources */,
				35E2CE2C47E14F175152C723 /* DialogueModels.swift in Sources */,
				7A43273742CBF96F9A8C6E39 /* DocumentAnalyzer.swift in Sources */,
				8285300FA283D4BC9F10E811 /* DocumentChunker.swift in Sources */,
				663BBA6072ED199643343E44 /* DocumentDetailView.swift in Sources */,
				B93F9BF33348BBF41DB118DC /* DocumentDropView.swift in Sources */,
				47248808F3DEE91D3C6CA2A5 /* DocumentLibraryView.swift in Sources */,
				E8EFF4DF6388DAB41A87C2CD /* DocumentParser.swift in Sources */,
				6677322125D0A8FADCF4A748 /* DocumentStore.swift in Sources */,
				F57A7805C5BD63519E57972B /* ENTExaminerApp.swift in Sources */,
				1A6A094E08F7C9DA435A09E1 /* ElevenLabsTTSService.swift in Sources */,
				70871F61A7C1FC1D7FB65F43 /* EnergyVAD.swift in Sources */,
				FEFBB4FA2F6B70443764D038 /* ExaminationEngine.swift in Sources */,
				CDF05F44B603104F5838BDE5 /* ExaminationState.swift in Sources */,
				8C4871E2988D9EFD42AAE1A0 /* ExaminationView.swift in Sources */,
				568192CA66A6ECB59845CE14 /* FlowController.swift in Sources */,
				02CA320C7CC4416374F91F0A /* FlowLayout.swift in Sources */,
				E908A5C1E8C27107744C13AA /* HTTPClient.swift in Sources */,
				E04C90F59940F43DECFE97BD /* IngestionDocument.swift in Sources */,
				AE878DD1190E5CDB9F1B456C /* KeychainManager.swift in Sources */,
				B351F36AB0C7E3F92C97AEF6 /* LibraryDocument.swift in Sources */,
				3AB5E5495F27B50A511CF87C /* OnboardingView.swift in Sources */,
				ECB108E0EE998D159C67846B /* PerformanceDashboard.swift in Sources */,
				9CC088D3DB269BB72B2AD7B3 /* PerformanceModels.swift in Sources */,
				43DFC7C5482B5F804FFF3700 /* PipelinedSpeaker.swift in Sources */,
				95080447C20AE48250DCA1E1 /* PreviewHelpers.swift in Sources */,
				9778715CA6C6FF998C06B4C5 /* ProgressOverlayView.swift in Sources */,
				17AA70A7F579851765E70331 /* RadarChartView.swift in Sources */,
				69EF71838413C15AAA49868D /* ResultsView.swift in Sources */,
				15BAB23039BD6239DB2873A4 /* RetryHandler.swift in Sources */,
				6BD0FD7778ADDEF8DABFED6F /* SSEClient.swift in Sources */,
				1B1B4CB4427A90D00EF8B9EA /* STTService.swift in Sources */,
				DA00C4536BAACFB82D3EC999 /* SentenceSplitter.swift in Sources */,
				53EC864937248CFBA3A9B35F /* SessionPersistence.swift in Sources */,
				1C0CE13F13265EAA596DA7D5 /* SettingsView.swift in Sources */,
				BBBE91B2500BB0D6419069CD /* SystemStatusView.swift in Sources */,
				8A91EE35E0DA9C9166784C6D /* TTSService.swift in Sources */,
				4A8644C030552E3D0DDA91D1 /* TranscriptExporter.swift in Sources */,
				3959CE79CC424542446D71A0 /* VoiceActivityDetector.swift in Sources */,
				F3D48F32DA32EB9B9159CDA9 /* WaveformView.swift in Sources */,
				D44C0691AD9C2CBA355E127E /* WebDocumentFetcher.swift in Sources */,
			);
			runOnlyForDeploymentPostprocessing = 0;
		};
/* End PBXSourcesBuildPhase section */

/* Begin PBXTargetDependency section */
		BE7FDCB376094E03B0DEE5D4 /* PBXTargetDependency */ = {
			isa = PBXTargetDependency;
			target = F388AC21CFAD05C9D4E0B772 /* ENTExaminer */;
			targetProxy = 1FDC01A11675D2AC9F0A6238 /* PBXContainerItemProxy */;
		};
/* End PBXTargetDependency section */

/* Begin XCBuildConfiguration section */
		03855DEDECDD65A01D1A6690 /* Release */ = {
			isa = XCBuildConfiguration;
			buildSettings = {
				ASSETCATALOG_COMPILER_APPICON_NAME = AppIcon;
				ASSETCATALOG_COMPILER_GLOBAL_ACCENT_COLOR_NAME = AccentColor;
				CODE_SIGN_ENTITLEMENTS = ENTExaminer/ENTExaminer.entitlements;
				CODE_SIGN_IDENTITY = "-";
				CODE_SIGN_STYLE = Automatic;
				COMBINE_HIDPI_IMAGES = YES;
				CURRENT_PROJECT_VERSION = 1;
				GENERATE_INFOPLIST_FILE = YES;
				INFOPLIST_KEY_CFBundleDisplayName = VocalCards;
				INFOPLIST_KEY_LSApplicationCategoryType = "public.app-category.education";
				INFOPLIST_KEY_NSHumanReadableCopyright = "Copyright © 2024 ENTExaminer. All rights reserved.";
				INFOPLIST_KEY_NSMicrophoneUsageDescription = "ENTExaminer needs microphone access for voice examination";
				INFOPLIST_KEY_NSSpeechRecognitionUsageDescription = "ENTExaminer uses speech recognition to transcribe your answers";
				LD_RUNPATH_SEARCH_PATHS = (
					"$(inherited)",
					"@executable_path/../Frameworks",
				);
				MARKETING_VERSION = 1.0.0;
				PRODUCT_BUNDLE_IDENTIFIER = com.entexaminer.app;
				PRODUCT_NAME = ENTExaminer;
				SDKROOT = macosx;
			};
			name = Release;
		};
		20FE6DF5EF4287096FDE304A /* Release */ = {
			isa = XCBuildConfiguration;
			buildSettings = {
				ALWAYS_SEARCH_USER_PATHS = NO;
				CLANG_ANALYZER_NONNULL = YES;
				CLANG_ANALYZER_NUMBER_OBJECT_CONVERSION = YES_AGGRESSIVE;
				CLANG_CXX_LANGUAGE_STANDARD = "gnu++14";
				CLANG_CXX_LIBRARY = "libc++";
				CLANG_ENABLE_MODULES = YES;
				CLANG_ENABLE_OBJC_ARC = YES;
				CLANG_ENABLE_OBJC_WEAK = YES;
				CLANG_WARN_BLOCK_CAPTURE_AUTORELEASING = YES;
				CLANG_WARN_BOOL_CONVERSION = YES;
				CLANG_WARN_COMMA = YES;
				CLANG_WARN_CONSTANT_CONVERSION = YES;
				CLANG_WARN_DEPRECATED_OBJC_IMPLEMENTATIONS = YES;
				CLANG_WARN_DIRECT_OBJC_ISA_USAGE = YES_ERROR;
				CLANG_WARN_DOCUMENTATION_COMMENTS = YES;
				CLANG_WARN_EMPTY_BODY = YES;
				CLANG_WARN_ENUM_CONVERSION = YES;
				CLANG_WARN_INFINITE_RECURSION = YES;
				CLANG_WARN_INT_CONVERSION = YES;
				CLANG_WARN_NON_LITERAL_NULL_CONVERSION = YES;
				CLANG_WARN_OBJC_IMPLICIT_RETAIN_SELF = YES;
				CLANG_WARN_OBJC_LITERAL_CONVERSION = YES;
				CLANG_WARN_OBJC_ROOT_CLASS = YES_ERROR;
				CLANG_WARN_QUOTED_INCLUDE_IN_FRAMEWORK_HEADER = YES;
				CLANG_WARN_RANGE_LOOP_ANALYSIS = YES;
				CLANG_WARN_STRICT_PROTOTYPES = YES;
				CLANG_WARN_SUSPICIOUS_MOVE = YES;
				CLANG_WARN_UNGUARDED_AVAILABILITY = YES_AGGRESSIVE;
				CLANG_WARN_UNREACHABLE_CODE = YES;
				CLANG_WARN__DUPLICATE_METHOD_MATCH = YES;
				COPY_PHASE_STRIP = NO;
				DEAD_CODE_STRIPPING = YES;
				DEBUG_INFORMATION_FORMAT = "dwarf-with-dsym";
				ENABLE_NS_ASSERTIONS = NO;
				ENABLE_STRICT_OBJC_MSGSEND = YES;
				ENABLE_USER_SCRIPT_SANDBOXING = YES;
				GCC_C_LANGUAGE_STANDARD = gnu11;
				GCC_NO_COMMON_BLOCKS = YES;
				GCC_PREPROCESSOR_DEFINITIONS = "";
				GCC_WARN_64_TO_32_BIT_CONVERSION = YES;
				GCC_WARN_ABOUT_RETURN_TYPE = YES_ERROR;
				GCC_WARN_UNDECLARED_SELECTOR = YES;
				GCC_WARN_UNINITIALIZED_AUTOS = YES_AGGRESSIVE;
				GCC_WARN_UNUSED_FUNCTION = YES;
				GCC_WARN_UNUSED_VARIABLE = YES;
				MACOSX_DEPLOYMENT_TARGET = 14.0;
				MTL_ENABLE_DEBUG_INFO = NO;
				MTL_FAST_MATH = YES;
				PRODUCT_NAME = "$(TARGET_NAME)";
				SWIFT_COMPILATION_MODE = wholemodule;
				SWIFT_OPTIMIZATION_LEVEL = "-O";
				SWIFT_STRICT_CONCURRENCY = complete;
				SWIFT_VERSION = 5.10;
			};
			name = Release;
		};
		21516C399655E7F19AE97692 /* Release */ = {
			isa = XCBuildConfiguration;
			buildSettings = {
				ASSETCATALOG_COMPILER_APPICON_NAME = AppIcon;
				ASSETCATALOG_COMPILER_GLOBAL_ACCENT_COLOR_NAME = AccentColor;
				CODE_SIGN_ENTITLEMENTS = ENTExaminer/ENTExaminerIOS.entitlements;
				CODE_SIGN_IDENTITY = "Apple Distribution";
				CODE_SIGN_STYLE = Automatic;
				CURRENT_PROJECT_VERSION = 1;
				GENERATE_INFOPLIST_FILE = YES;
				INFOPLIST_KEY_CFBundleDisplayName = VocalCards;
				INFOPLIST_KEY_LSSupportsOpeningDocumentsInPlace = YES;
				INFOPLIST_KEY_NSHumanReadableCopyright = "Copyright © 2024 ENTExaminer. All rights reserved.";
				INFOPLIST_KEY_NSMicrophoneUsageDescription = "ENTExaminer needs microphone access for voice examination";
				INFOPLIST_KEY_NSSpeechRecognitionUsageDescription = "ENTExaminer uses speech recognition to transcribe your answers";
				INFOPLIST_KEY_UILaunchScreen_Generation = YES;
				INFOPLIST_KEY_UISupportedInterfaceOrientations_iPad = "UIInterfaceOrientationPortrait UIInterfaceOrientationPortraitUpsideDown UIInterfaceOrientationLandscapeLeft UIInterfaceOrientationLandscapeRight";
				INFOPLIST_KEY_UISupportedInterfaceOrientations_iPhone = "UIInterfaceOrientationPortrait UIInterfaceOrientationLandscapeLeft UIInterfaceOrientationLandscapeRight";
				IPHONEOS_DEPLOYMENT_TARGET = 17.0;
				LD_RUNPATH_SEARCH_PATHS = (
					"$(inherited)",
					"@executable_path/Frameworks",
				);
				MARKETING_VERSION = 1.0.0;
				PRODUCT_BUNDLE_IDENTIFIER = com.entexaminer.app.ios;
				PRODUCT_NAME = ENTExaminer;
				SDKROOT = iphoneos;
				TARGETED_DEVICE_FAMILY = "1,2";
				UIFileSharingEnabled = YES;
			};
			name = Release;
		};
		243EBA1336A32A1C77541742 /* Debug */ = {
			isa = XCBuildConfiguration;
			buildSettings = {
				ASSETCATALOG_COMPILER_APPICON_NAME = AppIcon;
				ASSETCATALOG_COMPILER_GLOBAL_ACCENT_COLOR_NAME = AccentColor;
				CODE_SIGN_ENTITLEMENTS = ENTExaminer/ENTExaminer.entitlements;
				CODE_SIGN_IDENTITY = "-";
				CODE_SIGN_STYLE = Automatic;
				COMBINE_HIDPI_IMAGES = YES;
				CURRENT_PROJECT_VERSION = 1;
				GENERATE_INFOPLIST_FILE = YES;
				INFOPLIST_KEY_CFBundleDisplayName = VocalCards;
				INFOPLIST_KEY_LSApplicationCategoryType = "public.app-category.education";
				INFOPLIST_KEY_NSHumanReadableCopyright = "Copyright © 2024 ENTExaminer. All rights reserved.";
				INFOPLIST_KEY_NSMicrophoneUsageDescription = "ENTExaminer needs microphone access for voice examination";
				INFOPLIST_KEY_NSSpeechRecognitionUsageDescription = "ENTExaminer uses speech recognition to transcribe your answers";
				LD_RUNPATH_SEARCH_PATHS = (
					"$(inherited)",
					"@executable_path/../Frameworks",
				);
				MARKETING_VERSION = 1.0.0;
				PRODUCT_BUNDLE_IDENTIFIER = com.entexaminer.app;
				PRODUCT_NAME = ENTExaminer;
				SDKROOT = macosx;
			};
			name = Debug;
		};
		66E4D3547FCCA6EFA5E96E0F /* Debug */ = {
			isa = XCBuildConfiguration;
			buildSettings = {
				BUNDLE_LOADER = "$(TEST_HOST)";
				COMBINE_HIDPI_IMAGES = YES;
				GENERATE_INFOPLIST_FILE = YES;
				LD_RUNPATH_SEARCH_PATHS = (
					"$(inherited)",
					"@executable_path/../Frameworks",
					"@loader_path/../Frameworks",
				);
				PRODUCT_BUNDLE_IDENTIFIER = com.entexaminer.tests;
				SDKROOT = macosx;
				TEST_HOST = "$(BUILT_PRODUCTS_DIR)/ENTExaminer.app/Contents/MacOS/ENTExaminer";
			};
			name = Debug;
		};
		A60F2F9029166E30B8DD653F /* Release */ = {
			isa = XCBuildConfiguration;
			buildSettings = {
				BUNDLE_LOADER = "$(TEST_HOST)";
				COMBINE_HIDPI_IMAGES = YES;
				GENERATE_INFOPLIST_FILE = YES;
				LD_RUNPATH_SEARCH_PATHS = (
					"$(inherited)",
					"@executable_path/../Frameworks",
					"@loader_path/../Frameworks",
				);
				PRODUCT_BUNDLE_IDENTIFIER = com.entexaminer.tests;
				SDKROOT = macosx;
				TEST_HOST = "$(BUILT_PRODUCTS_DIR)/ENTExaminer.app/Contents/MacOS/ENTExaminer";
			};
			name = Release;
		};
		AC644B1072A18C7BCDA217EC /* Debug */ = {
			isa = XCBuildConfiguration;
			buildSettings = {
				ALWAYS_SEARCH_USER_PATHS = NO;
				CLANG_ANALYZER_NONNULL = YES;
				CLANG_ANALYZER_NUMBER_OBJECT_CONVERSION = YES_AGGRESSIVE;
				CLANG_CXX_LANGUAGE_STANDARD = "gnu++14";
				CLANG_CXX_LIBRARY = "libc++";
				CLANG_ENABLE_MODULES = YES;
				CLANG_ENABLE_OBJC_ARC = YES;
				CLANG_ENABLE_OBJC_WEAK = YES;
				CLANG_WARN_BLOCK_CAPTURE_AUTORELEASING = YES;
				CLANG_WARN_BOOL_CONVERSION = YES;
				CLANG_WARN_COMMA = YES;
				CLANG_WARN_CONSTANT_CONVERSION = YES;
				CLANG_WARN_DEPRECATED_OBJC_IMPLEMENTATIONS = YES;
				CLANG_WARN_DIRECT_OBJC_ISA_USAGE = YES_ERROR;
				CLANG_WARN_DOCUMENTATION_COMMENTS = YES;
				CLANG_WARN_EMPTY_BODY = YES;
				CLANG_WARN_ENUM_CONVERSION = YES;
				CLANG_WARN_INFINITE_RECURSION = YES;
				CLANG_WARN_INT_CONVERSION = YES;
				CLANG_WARN_NON_LITERAL_NULL_CONVERSION = YES;
				CLANG_WARN_OBJC_IMPLICIT_RETAIN_SELF = YES;
				CLANG_WARN_OBJC_LITERAL_CONVERSION = YES;
				CLANG_WARN_OBJC_ROOT_CLASS = YES_ERROR;
				CLANG_WARN_QUOTED_INCLUDE_IN_FRAMEWORK_HEADER = YES;
				CLANG_WARN_RANGE_LOOP_ANALYSIS = YES;
				CLANG_WARN_STRICT_PROTOTYPES = YES;
				CLANG_WARN_SUSPICIOUS_MOVE = YES;
				CLANG_WARN_UNGUARDED_AVAILABILITY = YES_AGGRESSIVE;
				CLANG_WARN_UNREACHABLE_CODE = YES;
				CLANG_WARN__DUPLICATE_METHOD_MATCH = YES;
				COPY_PHASE_STRIP = NO;
				DEAD_CODE_STRIPPING = YES;
				DEBUG_INFORMATION_FORMAT = dwarf;
				ENABLE_STRICT_OBJC_MSGSEND = YES;
				ENABLE_TESTABILITY = YES;
				ENABLE_USER_SCRIPT_SANDBOXING = YES;
				GCC_C_LANGUAGE_STANDARD = gnu11;
				GCC_DYNAMIC_NO_PIC = NO;
				GCC_NO_COMMON_BLOCKS = YES;
				GCC_OPTIMIZATION_LEVEL = 0;
				GCC_PREPROCESSOR_DEFINITIONS = "DEBUG=1";
				GCC_WARN_64_TO_32_BIT_CONVERSION = YES;
				GCC_WARN_ABOUT_RETURN_TYPE = YES_ERROR;
				GCC_WARN_UNDECLARED_SELECTOR = YES;
				GCC_WARN_UNINITIALIZED_AUTOS = YES_AGGRESSIVE;
				GCC_WARN_UNUSED_FUNCTION = YES;
				GCC_WARN_UNUSED_VARIABLE = YES;
				MACOSX_DEPLOYMENT_TARGET = 14.0;
				MTL_ENABLE_DEBUG_INFO = INCLUDE_SOURCE;
				MTL_FAST_MATH = YES;
				ONLY_ACTIVE_ARCH = YES;
				PRODUCT_NAME = "$(TARGET_NAME)";
				SWIFT_ACTIVE_COMPILATION_CONDITIONS = DEBUG;
				SWIFT_OPTIMIZATION_LEVEL = "-Onone";
				SWIFT_STRICT_CONCURRENCY = complete;
				SWIFT_VERSION = 5.10;
			};
			name = Debug;
		};
		F2FFE68FBC740E58DF3F5E26 /* Debug */ = {
			isa = XCBuildConfiguration;
			buildSettings = {
				ASSETCATALOG_COMPILER_APPICON_NAME = AppIcon;
				ASSETCATALOG_COMPILER_GLOBAL_ACCENT_COLOR_NAME = AccentColor;
				CODE_SIGN_ENTITLEMENTS = ENTExaminer/ENTExaminerIOS.entitlements;
				CODE_SIGN_IDENTITY = "Apple Development";
				CODE_SIGN_STYLE = Automatic;
				CURRENT_PROJECT_VERSION = 1;
				GENERATE_INFOPLIST_FILE = YES;
				INFOPLIST_KEY_CFBundleDisplayName = VocalCards;
				INFOPLIST_KEY_LSSupportsOpeningDocumentsInPlace = YES;
				INFOPLIST_KEY_NSHumanReadableCopyright = "Copyright © 2024 ENTExaminer. All rights reserved.";
				INFOPLIST_KEY_NSMicrophoneUsageDescription = "ENTExaminer needs microphone access for voice examination";
				INFOPLIST_KEY_NSSpeechRecognitionUsageDescription = "ENTExaminer uses speech recognition to transcribe your answers";
				INFOPLIST_KEY_UILaunchScreen_Generation = YES;
				INFOPLIST_KEY_UISupportedInterfaceOrientations_iPad = "UIInterfaceOrientationPortrait UIInterfaceOrientationPortraitUpsideDown UIInterfaceOrientationLandscapeLeft UIInterfaceOrientationLandscapeRight";
				INFOPLIST_KEY_UISupportedInterfaceOrientations_iPhone = "UIInterfaceOrientationPortrait UIInterfaceOrientationLandscapeLeft UIInterfaceOrientationLandscapeRight";
				IPHONEOS_DEPLOYMENT_TARGET = 17.0;
				LD_RUNPATH_SEARCH_PATHS = (
					"$(inherited)",
					"@executable_path/Frameworks",
				);
				MARKETING_VERSION = 1.0.0;
				PRODUCT_BUNDLE_IDENTIFIER = com.entexaminer.app.ios;
				PRODUCT_NAME = ENTExaminer;
				SDKROOT = iphoneos;
				TARGETED_DEVICE_FAMILY = "1,2";
				UIFileSharingEnabled = YES;
			};
			name = Debug;
		};
/* End XCBuildConfiguration section */

/* Begin XCConfigurationList section */
		849C6E2DD7AFE7D8C27BF843 /* Build configuration list for PBXNativeTarget "ENTExaminerTests" */ = {
			isa = XCConfigurationList;
			buildConfigurations = (
				66E4D3547FCCA6EFA5E96E0F /* Debug */,
				A60F2F9029166E30B8DD653F /* Release */,
			);
			defaultConfigurationIsVisible = 0;
			defaultConfigurationName = Debug;
		};
		BD5C85CC3206EEE17F5A7AC3 /* Build configuration list for PBXNativeTarget "ENTExaminer" */ = {
			isa = XCConfigurationList;
			buildConfigurations = (
				243EBA1336A32A1C77541742 /* Debug */,
				03855DEDECDD65A01D1A6690 /* Release */,
			);
			defaultConfigurationIsVisible = 0;
			defaultConfigurationName = Debug;
		};
		DC103844AF5E6ADE2C0AC526 /* Build configuration list for PBXNativeTarget "ENTExaminerIOS" */ = {
			isa = XCConfigurationList;
			buildConfigurations = (
				F2FFE68FBC740E58DF3F5E26 /* Debug */,
				21516C399655E7F19AE97692 /* Release */,
			);
			defaultConfigurationIsVisible = 0;
			defaultConfigurationName = Debug;
		};
		EAD5E47CA4E9578BAB742CB6 /* Build configuration list for PBXProject "ENTExaminer" */ = {
			isa = XCConfigurationList;
			buildConfigurations = (
				AC644B1072A18C7BCDA217EC /* Debug */,
				20FE6DF5EF4287096FDE304A /* Release */,
			);
			defaultConfigurationIsVisible = 0;
			defaultConfigurationName = Debug;
		};
/* End XCConfigurationList section */
	};
	rootObject = F563081D34A602553C02CA32 /* Project object */;
}
